
Microsoft Visual Studio Solution File, Format Version 12.00
# Visual Studio 15
VisualStudioVersion = 15.0.28010.2041
MinimumVisualStudioVersion = 10.0.40219.1
Project("{8BC9CEB8-8B4A-11D0-8D11-00A0C91BC942}") = "IsitPrime", "IsitPrime\IsitPrime.vcxproj", "{76CE40C8-F387-49F4-96DD-8679DC35E3CD}"
EndProject
Global
	GlobalSection(SolutionConfigurationPlatforms) = preSolution
		Debug|x64 = Debug|x64
		Debug|x86 = Debug|x86
		Release|x64 = Release|x64
		Release|x86 = Release|x86
	EndGlobalSection
	GlobalSection(ProjectConfigurationPlatforms) = postSolution
		{76CE40C8-F387-49F4-96DD-8679DC35E3CD}.Debug|x64.ActiveCfg = Debug|x64
		{76CE40C8-F387-49F4-96DD-8679DC35E3CD}.Debug|x64.Build.0 = Debug|x64
		{76CE40C8-F387-49F4-96DD-8679DC35E3CD}.Debug|x86.ActiveCfg = Debug|Win32
		{76CE40C8-F387-49F4-96DD-8679DC35E3CD}.Debug|x86.Build.0 = Debug|Win32
		{76CE40C8-F387-49F4-96DD-8679DC35E3CD}.Release|x64.ActiveCfg = Release|x64
		{76CE40C8-F387-49F4-96DD-8679DC35E3CD}.Release|x64.Build.0 = Release|x64
		{76CE40C8-F387-49F4-96DD-8679DC35E3CD}.Release|x86.ActiveCfg = Release|Win32
		{76CE40C8-F387-49F4-96DD-8679DC35E3CD}.Release|x86.Build.0 = Release|Win32
	EndGlobalSection
	GlobalSection(SolutionProperties) = preSolution
		HideSolutionNode = FALSE
	EndGlobalSection
	GlobalSection(ExtensibilityGlobals) = postSolution
		SolutionGuid = {374D3B13-07FF-41D8-8F52-AFA6998A2A0C}
	EndGlobalSection
EndGlobal
