
Microsoft Visual Studio Solution File, Format Version 12.00
# Visual Studio 15
VisualStudioVersion = 15.0.28010.2041
MinimumVisualStudioVersion = 10.0.40219.1
Project("{8BC9CEB8-8B4A-11D0-8D11-00A0C91BC942}") = "Disemvowel Trolls", "Disemvowel Trolls\Disemvowel Trolls.vcxproj", "{DE2A8403-A160-4712-A550-CB87024FE66E}"
EndProject
Global
	GlobalSection(SolutionConfigurationPlatforms) = preSolution
		Debug|x64 = Debug|x64
		Debug|x86 = Debug|x86
		Release|x64 = Release|x64
		Release|x86 = Release|x86
	EndGlobalSection
	GlobalSection(ProjectConfigurationPlatforms) = postSolution
		{DE2A8403-A160-4712-A550-CB87024FE66E}.Debug|x64.ActiveCfg = Debug|x64
		{DE2A8403-A160-4712-A550-CB87024FE66E}.Debug|x64.Build.0 = Debug|x64
		{DE2A8403-A160-4712-A550-CB87024FE66E}.Debug|x86.ActiveCfg = Debug|Win32
		{DE2A8403-A160-4712-A550-CB87024FE66E}.Debug|x86.Build.0 = Debug|Win32
		{DE2A8403-A160-4712-A550-CB87024FE66E}.Release|x64.ActiveCfg = Release|x64
		{DE2A8403-A160-4712-A550-CB87024FE66E}.Release|x64.Build.0 = Release|x64
		{DE2A8403-A160-4712-A550-CB87024FE66E}.Release|x86.ActiveCfg = Release|Win32
		{DE2A8403-A160-4712-A550-CB87024FE66E}.Release|x86.Build.0 = Release|Win32
	EndGlobalSection
	GlobalSection(SolutionProperties) = preSolution
		HideSolutionNode = FALSE
	EndGlobalSection
	GlobalSection(ExtensibilityGlobals) = postSolution
		SolutionGuid = {56939596-1F06-499F-9D1F-2B185FEAE564}
	EndGlobalSection
EndGlobal
